
Microsoft Visual Studio Solution File, Format Version 12.00
# Visual Studio Version 17
VisualStudioVersion = 17.0.31903.59
MinimumVisualStudioVersion = 10.0.40219.1
Project("{2150E333-8FDC-42A3-9474-1A3956D46DE8}") = "src", "src", "{74E61D69-AB7F-4288-884D-74F6C31A60C2}"
EndProject
Project("{FAE04EC0-301F-11D3-BF4B-00C04F79EFBC}") = "VRoidDiva", "src\VRoidDiva\VRoidDiva.csproj", "{2F09D5F3-CC18-46E6-8CCF-30225793FCBE}"
EndProject
Project("{2150E333-8FDC-42A3-9474-1A3956D46DE8}") = "tests", "tests", "{78F2D64E-C2AF-48E7-A854-8D47A1199369}"
EndProject
Project("{FAE04EC0-301F-11D3-BF4B-00C04F79EFBC}") = "VRoidDiva.Tests", "tests\VRoidDiva.Tests\VRoidDiva.Tests.csproj", "{4265D810-2E16-41FB-919B-840ED84147CA}"
EndProject
Project("{2150E333-8FDC-42A3-9474-1A3956D46DE8}") = "external", "external", "{B691772D-F9E4-49DE-96FB-6D21403F7071}"
EndProject
Project("{2150E333-8FDC-42A3-9474-1A3956D46DE8}") = "MikuMikuLibrary", "MikuMikuLibrary", "{356BA16F-7FC6-4F92-8582-6CA2DA8D09EC}"
EndProject
Project("{FAE04EC0-301F-11D3-BF4B-00C04F79EFBC}") = "MikuMikuLibrary", "external\MikuMikuLibrary\MikuMikuLibrary\MikuMikuLibrary.csproj", "{A90E73A4-3E9E-44D2-B9CC-FC8112BB4B6C}"
EndProject
Global
	GlobalSection(SolutionConfigurationPlatforms) = preSolution
		Debug|Any CPU = Debug|Any CPU
		Release|Any CPU = Release|Any CPU
	EndGlobalSection
	GlobalSection(SolutionProperties) = preSolution
		HideSolutionNode = FALSE
	EndGlobalSection
	GlobalSection(ProjectConfigurationPlatforms) = postSolution
		{2F09D5F3-CC18-46E6-8CCF-30225793FCBE}.Debug|Any CPU.ActiveCfg = Debug|Any CPU
		{2F09D5F3-CC18-46E6-8CCF-30225793FCBE}.Debug|Any CPU.Build.0 = Debug|Any CPU
		{2F09D5F3-CC18-46E6-8CCF-30225793FCBE}.Release|Any CPU.ActiveCfg = Release|Any CPU
		{2F09D5F3-CC18-46E6-8CCF-30225793FCBE}.Release|Any CPU.Build.0 = Release|Any CPU
		{4265D810-2E16-41FB-919B-840ED84147CA}.Debug|Any CPU.ActiveCfg = Debug|Any CPU
		{4265D810-2E16-41FB-919B-840ED84147CA}.Debug|Any CPU.Build.0 = Debug|Any CPU
		{4265D810-2E16-41FB-919B-840ED84147CA}.Release|Any CPU.ActiveCfg = Release|Any CPU
		{4265D810-2E16-41FB-919B-840ED84147CA}.Release|Any CPU.Build.0 = Release|Any CPU
		{A90E73A4-3E9E-44D2-B9CC-FC8112BB4B6C}.Debug|Any CPU.ActiveCfg = Debug|Any CPU
		{A90E73A4-3E9E-44D2-B9CC-FC8112BB4B6C}.Debug|Any CPU.Build.0 = Debug|Any CPU
		{A90E73A4-3E9E-44D2-B9CC-FC8112BB4B6C}.Release|Any CPU.ActiveCfg = Release|Any CPU
		{A90E73A4-3E9E-44D2-B9CC-FC8112BB4B6C}.Release|Any CPU.Build.0 = Release|Any CPU
	EndGlobalSection
	GlobalSection(NestedProjects) = preSolution
		{2F09D5F3-CC18-46E6-8CCF-30225793FCBE} = {74E61D69-AB7F-4288-884D-74F6C31A60C2}
		{4265D810-2E16-41FB-919B-840ED84147CA} = {78F2D64E-C2AF-48E7-A854-8D47A1199369}
		{356BA16F-7FC6-4F92-8582-6CA2DA8D09EC} = {B691772D-F9E4-49DE-96FB-6D21403F7071}
		{A90E73A4-3E9E-44D2-B9CC-FC8112BB4B6C} = {356BA16F-7FC6-4F92-8582-6CA2DA8D09EC}
	EndGlobalSection
EndGlobal
